{
  "lockfileVersion": 1,
  "configVersion": 1,
  "workspaces": {
    "": {
      "name": "n64js",
      "dependencies": {
        "@popperjs/core": "^2.11.8",
        "bootstrap": "^5.3.8",
        "lil-gui": "^0.18.2",
        "mitata": "^0.1.14",
      },
    },
  },
  "packages": {
    "@popperjs/core": ["@popperjs/core@2.11.8", "", {}, "sha512-P1st0aksCrn9sGZhp8GMYwBnQsbvAWsZAX44oXNNvLHGqAOcoVxmjZiohstwQ7SqKnbR47akdNi+uleWD8+g6A=="],

    "bootstrap": ["bootstrap@5.3.8", "", { "peerDependencies": { "@popperjs/core": "^2.11.8" } }, "sha512-HP1SZDqaLDPwsNiqRqi5NcP0SSXciX2s9E+RyqJIIqGo+vJeN5AJVM98CXmW/Wux0nQ5L7jeWUdplCEf0Ee+tg=="],

    "lil-gui": ["lil-gui@0.18.2", "", {}, "sha512-DgdrLy3/KGC0PiQLKgOcJMPItP4xY4iWgJ9+91Zaxfr8GCTmMps05QS9w9jW7yspILlbscbquwjOwxmWnSx5Uw=="],

    "mitata": ["mitata@0.1.14", "", {}, "sha512-8kRs0l636eT4jj68PFXOR2D5xl4m56T478g16SzUPOYgkzQU+xaw62guAQxzBPm+SXb15GQi1cCpDxJfkr4CSA=="],
  }
}
